{
  "name": "react-webpack-rails-tutorial",
  "version": "0.0.1",
  "lockfileVersion": 1,
  "dependencies": {
    "airbrake-js": {
      "version": "0.9.0",
      "resolved": "https://registry.npmjs.org/airbrake-js/-/airbrake-js-0.9.0.tgz",
      "integrity": "sha1-C1RNiQy2agsRz4NkYpUoTg5Ixkc="
    },
    "lodash": {
      "version": "https://registry.npmjs.org/lodash/-/lodash-4.17.4.tgz",
      "integrity": "sha1-eCA6TRwyiuHYbcpkYONptX9AVa4="
    },
    "moment": {
      "version": "https://registry.npmjs.org/moment/-/moment-2.18.1.tgz",
      "integrity": "sha1-w2GT3Tzhwu7SrbfIAtu8d6gbHA8="
    },
    "whatwg-fetch": {
      "version": "2.0.3",
      "resolved": "https://registry.npmjs.org/whatwg-fetch/-/whatwg-fetch-2.0.3.tgz",
      "integrity": "sha1-nITsLc9oGH/wC8ZOEnS0QhduHIQ="
    }
  }
}
